Microsoft Visual Studio Solution File, Format Version 12.00
# Visual Studio Version 17
VisualStudioVersion = 17.5.2.0
MinimumVisualStudioVersion = 10.0.40219.1
Project("{FAE04EC0-301F-11D3-BF4B-00C04F79EFBC}") = "Calculators", "Calculators\Calculators.csproj", "{70501C6F-9FAB-7626-7465-AC35AE09A23F}"
EndProject
Project("{FAE04EC0-301F-11D3-BF4B-00C04F79EFBC}") = "Calculators.Tests", "Calculators.Tests\Calculators.Tests.csproj", "{639485EE-E29A-44B2-A53E-F9CBAF7A71EE}"
EndProject
Project("{FAE04EC0-301F-11D3-BF4B-00C04F79EFBC}") = "CheckNumberBySimple", "CheckNumberBySimple\CheckNumberBySimple.csproj", "{D94FFF00-6F67-4287-BA07-36C83F5C8B0D}"
EndProject
Project("{FAE04EC0-301F-11D3-BF4B-00C04F79EFBC}") = "CheckNumberBySimple.Tests", "CheckNumberBySimple.Tests\CheckNumberBySimple.Tests.csproj", "{EDA9E6D7-297E-4361-B231-B27E0ABF3E9B}"
EndProject
Project("{FAE04EC0-301F-11D3-BF4B-00C04F79EFBC}") = "FindMinElementInArray", "FindMinElementInArray\FindMinElementInArray.csproj", "{650B5F60-0A63-4011-933A-2818D1BFE2F7}"
EndProject
Project("{FAE04EC0-301F-11D3-BF4B-00C04F79EFBC}") = "FindMinElementInArray.Test", "FindMinElementInArray.Test\FindMinElementInArray.Test.csproj", "{A6FB223B-DEAD-4D49-A821-F5A077082541}"
EndProject
Global
	GlobalSection(SolutionConfigurationPlatforms) = preSolution
		Debug|Any CPU = Debug|Any CPU
		Release|Any CPU = Release|Any CPU
	EndGlobalSection
	GlobalSection(ProjectConfigurationPlatforms) = postSolution
		{70501C6F-9FAB-7626-7465-AC35AE09A23F}.Debug|Any CPU.ActiveCfg = Debug|Any CPU
		{70501C6F-9FAB-7626-7465-AC35AE09A23F}.Debug|Any CPU.Build.0 = Debug|Any CPU
		{70501C6F-9FAB-7626-7465-AC35AE09A23F}.Release|Any CPU.ActiveCfg = Release|Any CPU
		{70501C6F-9FAB-7626-7465-AC35AE09A23F}.Release|Any CPU.Build.0 = Release|Any CPU
		{639485EE-E29A-44B2-A53E-F9CBAF7A71EE}.Debug|Any CPU.ActiveCfg = Debug|Any CPU
		{639485EE-E29A-44B2-A53E-F9CBAF7A71EE}.Debug|Any CPU.Build.0 = Debug|Any CPU
		{639485EE-E29A-44B2-A53E-F9CBAF7A71EE}.Release|Any CPU.ActiveCfg = Release|Any CPU
		{639485EE-E29A-44B2-A53E-F9CBAF7A71EE}.Release|Any CPU.Build.0 = Release|Any CPU
		{D94FFF00-6F67-4287-BA07-36C83F5C8B0D}.Debug|Any CPU.ActiveCfg = Debug|Any CPU
		{D94FFF00-6F67-4287-BA07-36C83F5C8B0D}.Debug|Any CPU.Build.0 = Debug|Any CPU
		{D94FFF00-6F67-4287-BA07-36C83F5C8B0D}.Release|Any CPU.ActiveCfg = Release|Any CPU
		{D94FFF00-6F67-4287-BA07-36C83F5C8B0D}.Release|Any CPU.Build.0 = Release|Any CPU
		{EDA9E6D7-297E-4361-B231-B27E0ABF3E9B}.Debug|Any CPU.ActiveCfg = Debug|Any CPU
		{EDA9E6D7-297E-4361-B231-B27E0ABF3E9B}.Debug|Any CPU.Build.0 = Debug|Any CPU
		{EDA9E6D7-297E-4361-B231-B27E0ABF3E9B}.Release|Any CPU.ActiveCfg = Release|Any CPU
		{EDA9E6D7-297E-4361-B231-B27E0ABF3E9B}.Release|Any CPU.Build.0 = Release|Any CPU
		{650B5F60-0A63-4011-933A-2818D1BFE2F7}.Debug|Any CPU.ActiveCfg = Debug|Any CPU
		{650B5F60-0A63-4011-933A-2818D1BFE2F7}.Debug|Any CPU.Build.0 = Debug|Any CPU
		{650B5F60-0A63-4011-933A-2818D1BFE2F7}.Release|Any CPU.ActiveCfg = Release|Any CPU
		{650B5F60-0A63-4011-933A-2818D1BFE2F7}.Release|Any CPU.Build.0 = Release|Any CPU
		{A6FB223B-DEAD-4D49-A821-F5A077082541}.Debug|Any CPU.ActiveCfg = Debug|Any CPU
		{A6FB223B-DEAD-4D49-A821-F5A077082541}.Debug|Any CPU.Build.0 = Debug|Any CPU
		{A6FB223B-DEAD-4D49-A821-F5A077082541}.Release|Any CPU.ActiveCfg = Release|Any CPU
		{A6FB223B-DEAD-4D49-A821-F5A077082541}.Release|Any CPU.Build.0 = Release|Any CPU
	EndGlobalSection
	GlobalSection(SolutionProperties) = preSolution
		HideSolutionNode = FALSE
	EndGlobalSection
	GlobalSection(ExtensibilityGlobals) = postSolution
		SolutionGuid = {9D0E30AB-9DC9-4E92-8EA7-1A4143956497}
	EndGlobalSection
EndGlobal
