Microsoft Visual Studio Solution File, Format Version 12.00
# Visual Studio Version 17
VisualStudioVersion = 17.5.2.0
MinimumVisualStudioVersion = 10.0.40219.1
Project("{FAE04EC0-301F-11D3-BF4B-00C04F79EFBC}") = "Calculators", "Calculators\Calculators.csproj", "{70501C6F-9FAB-7626-7465-AC35AE09A23F}"
EndProject
Project("{FAE04EC0-301F-11D3-BF4B-00C04F79EFBC}") = "Calculators.Tests", "Calculators.Tests\Calculators.Tests.csproj", "{639485EE-E29A-44B2-A53E-F9CBAF7A71EE}"
EndProject
Project("{FAE04EC0-301F-11D3-BF4B-00C04F79EFBC}") = "CheckNumberBySimple", "CheckNumberBySimple\CheckNumberBySimple.csproj", "{D94FFF00-6F67-4287-BA07-36C83F5C8B0D}"
EndProject
Project("{FAE04EC0-301F-11D3-BF4B-00C04F79EFBC}") = "CheckNumberBySimple.Tests", "CheckNumberBySimple.Tests\CheckNumberBySimple.Tests.csproj", "{EDA9E6D7-297E-4361-B231-B27E0ABF3E9B}"
EndProject
Project("{FAE04EC0-301F-11D3-BF4B-00C04F79EFBC}") = "FindMinElementInArray", "FindMinElementInArray\FindMinElementInArray.csproj", "{650B5F60-0A63-4011-933A-2818D1BFE2F7}"
EndProject
Project("{FAE04EC0-301F-11D3-BF4B-00C04F79EFBC}") = "FindMinElementInArray.Test", "FindMinElementInArray.Test\FindMinElementInArray.Test.csproj", "{A6FB223B-DEAD-4D49-A821-F5A077082541}"
EndProject
Project("{FAE04EC0-301F-11D3-BF4B-00C04F79EFBC}") = "DirectoriesSort", "DirectoriesSort\DirectoriesSort.csproj", "{930629F7-2751-4EC4-9B7C-FD0C0ADD99BA}"
EndProject
Project("{FAE04EC0-301F-11D3-BF4B-00C04F79EFBC}") = "DirectoriesSort.Tests", "DirectoriesSort.Tests\DirectoriesSort.Tests.csproj", "{9910F22C-E7CE-4614-8C1D-7EFB218C570A}"
EndProject
Project("{FAE04EC0-301F-11D3-BF4B-00C04F79EFBC}") = "FizzBuzz", "FizzBuzz\FizzBuzz.csproj", "{9D541D3E-C757-4225-8471-7E3A859A3F30}"
EndProject
Project("{FAE04EC0-301F-11D3-BF4B-00C04F79EFBC}") = "FizzBuzz.Tests", "FizzBuzz.Tests\FizzBuzz.Tests.csproj", "{F0A8ADE4-8842-4487-B4F3-B15FE205030E}"
EndProject
Project("{FAE04EC0-301F-11D3-BF4B-00C04F79EFBC}") = "FibonacciSequence", "FibonacciSequence\FibonacciSequence.csproj", "{7083B969-0665-4902-904F-591269D5D73B}"
EndProject
Project("{FAE04EC0-301F-11D3-BF4B-00C04F79EFBC}") = "FibonacciSequence.Tests", "FibonacciSequence.Tests\FibonacciSequence.Tests.csproj", "{41D94FE9-9EC6-462F-BA8B-B1AA3702301C}"
EndProject
Project("{FAE04EC0-301F-11D3-BF4B-00C04F79EFBC}") = "CheckByDuplicates", "CheckByDuplicates\CheckByDuplicates.csproj", "{70CFA5F7-38AD-4CE9-9261-FB403626EFFE}"
EndProject
Project("{FAE04EC0-301F-11D3-BF4B-00C04F79EFBC}") = "CheckByDuplicates.Tests", "CheckByDuplicates.Tests\CheckByDuplicates.Tests.csproj", "{84671A8B-C150-4E7B-982D-FA4E1F3646E7}"
EndProject
Project("{FAE04EC0-301F-11D3-BF4B-00C04F79EFBC}") = "ThreadSafeSingleton", "ThreadSafeSingleton\ThreadSafeSingleton.csproj", "{6CF7EF85-A774-4614-BB78-580C23E1360B}"
EndProject
Project("{FAE04EC0-301F-11D3-BF4B-00C04F79EFBC}") = "ThreadSafeSingleton.Tests", "ThreadSafeSingleton.Tests\ThreadSafeSingleton.Tests.csproj", "{08126DDE-1F74-461E-8A65-E642F4DE0099}"
EndProject
Global
	GlobalSection(SolutionConfigurationPlatforms) = preSolution
		Debug|Any CPU = Debug|Any CPU
		Release|Any CPU = Release|Any CPU
	EndGlobalSection
	GlobalSection(ProjectConfigurationPlatforms) = postSolution
		{70501C6F-9FAB-7626-7465-AC35AE09A23F}.Debug|Any CPU.ActiveCfg = Debug|Any CPU
		{70501C6F-9FAB-7626-7465-AC35AE09A23F}.Debug|Any CPU.Build.0 = Debug|Any CPU
		{70501C6F-9FAB-7626-7465-AC35AE09A23F}.Release|Any CPU.ActiveCfg = Release|Any CPU
		{70501C6F-9FAB-7626-7465-AC35AE09A23F}.Release|Any CPU.Build.0 = Release|Any CPU
		{639485EE-E29A-44B2-A53E-F9CBAF7A71EE}.Debug|Any CPU.ActiveCfg = Debug|Any CPU
		{639485EE-E29A-44B2-A53E-F9CBAF7A71EE}.Debug|Any CPU.Build.0 = Debug|Any CPU
		{639485EE-E29A-44B2-A53E-F9CBAF7A71EE}.Release|Any CPU.ActiveCfg = Release|Any CPU
		{639485EE-E29A-44B2-A53E-F9CBAF7A71EE}.Release|Any CPU.Build.0 = Release|Any CPU
		{D94FFF00-6F67-4287-BA07-36C83F5C8B0D}.Debug|Any CPU.ActiveCfg = Debug|Any CPU
		{D94FFF00-6F67-4287-BA07-36C83F5C8B0D}.Debug|Any CPU.Build.0 = Debug|Any CPU
		{D94FFF00-6F67-4287-BA07-36C83F5C8B0D}.Release|Any CPU.ActiveCfg = Release|Any CPU
		{D94FFF00-6F67-4287-BA07-36C83F5C8B0D}.Release|Any CPU.Build.0 = Release|Any CPU
		{EDA9E6D7-297E-4361-B231-B27E0ABF3E9B}.Debug|Any CPU.ActiveCfg = Debug|Any CPU
		{EDA9E6D7-297E-4361-B231-B27E0ABF3E9B}.Debug|Any CPU.Build.0 = Debug|Any CPU
		{EDA9E6D7-297E-4361-B231-B27E0ABF3E9B}.Release|Any CPU.ActiveCfg = Release|Any CPU
		{EDA9E6D7-297E-4361-B231-B27E0ABF3E9B}.Release|Any CPU.Build.0 = Release|Any CPU
		{650B5F60-0A63-4011-933A-2818D1BFE2F7}.Debug|Any CPU.ActiveCfg = Debug|Any CPU
		{650B5F60-0A63-4011-933A-2818D1BFE2F7}.Debug|Any CPU.Build.0 = Debug|Any CPU
		{650B5F60-0A63-4011-933A-2818D1BFE2F7}.Release|Any CPU.ActiveCfg = Release|Any CPU
		{650B5F60-0A63-4011-933A-2818D1BFE2F7}.Release|Any CPU.Build.0 = Release|Any CPU
		{A6FB223B-DEAD-4D49-A821-F5A077082541}.Debug|Any CPU.ActiveCfg = Debug|Any CPU
		{A6FB223B-DEAD-4D49-A821-F5A077082541}.Debug|Any CPU.Build.0 = Debug|Any CPU
		{A6FB223B-DEAD-4D49-A821-F5A077082541}.Release|Any CPU.ActiveCfg = Release|Any CPU
		{A6FB223B-DEAD-4D49-A821-F5A077082541}.Release|Any CPU.Build.0 = Release|Any CPU
		{930629F7-2751-4EC4-9B7C-FD0C0ADD99BA}.Debug|Any CPU.ActiveCfg = Debug|Any CPU
		{930629F7-2751-4EC4-9B7C-FD0C0ADD99BA}.Debug|Any CPU.Build.0 = Debug|Any CPU
		{930629F7-2751-4EC4-9B7C-FD0C0ADD99BA}.Release|Any CPU.ActiveCfg = Release|Any CPU
		{930629F7-2751-4EC4-9B7C-FD0C0ADD99BA}.Release|Any CPU.Build.0 = Release|Any CPU
		{9910F22C-E7CE-4614-8C1D-7EFB218C570A}.Debug|Any CPU.ActiveCfg = Debug|Any CPU
		{9910F22C-E7CE-4614-8C1D-7EFB218C570A}.Debug|Any CPU.Build.0 = Debug|Any CPU
		{9910F22C-E7CE-4614-8C1D-7EFB218C570A}.Release|Any CPU.ActiveCfg = Release|Any CPU
		{9910F22C-E7CE-4614-8C1D-7EFB218C570A}.Release|Any CPU.Build.0 = Release|Any CPU
		{9D541D3E-C757-4225-8471-7E3A859A3F30}.Debug|Any CPU.ActiveCfg = Debug|Any CPU
		{9D541D3E-C757-4225-8471-7E3A859A3F30}.Debug|Any CPU.Build.0 = Debug|Any CPU
		{9D541D3E-C757-4225-8471-7E3A859A3F30}.Release|Any CPU.ActiveCfg = Release|Any CPU
		{9D541D3E-C757-4225-8471-7E3A859A3F30}.Release|Any CPU.Build.0 = Release|Any CPU
		{F0A8ADE4-8842-4487-B4F3-B15FE205030E}.Debug|Any CPU.ActiveCfg = Debug|Any CPU
		{F0A8ADE4-8842-4487-B4F3-B15FE205030E}.Debug|Any CPU.Build.0 = Debug|Any CPU
		{F0A8ADE4-8842-4487-B4F3-B15FE205030E}.Release|Any CPU.ActiveCfg = Release|Any CPU
		{F0A8ADE4-8842-4487-B4F3-B15FE205030E}.Release|Any CPU.Build.0 = Release|Any CPU
		{7083B969-0665-4902-904F-591269D5D73B}.Debug|Any CPU.ActiveCfg = Debug|Any CPU
		{7083B969-0665-4902-904F-591269D5D73B}.Debug|Any CPU.Build.0 = Debug|Any CPU
		{7083B969-0665-4902-904F-591269D5D73B}.Release|Any CPU.ActiveCfg = Release|Any CPU
		{7083B969-0665-4902-904F-591269D5D73B}.Release|Any CPU.Build.0 = Release|Any CPU
		{41D94FE9-9EC6-462F-BA8B-B1AA3702301C}.Debug|Any CPU.ActiveCfg = Debug|Any CPU
		{41D94FE9-9EC6-462F-BA8B-B1AA3702301C}.Debug|Any CPU.Build.0 = Debug|Any CPU
		{41D94FE9-9EC6-462F-BA8B-B1AA3702301C}.Release|Any CPU.ActiveCfg = Release|Any CPU
		{41D94FE9-9EC6-462F-BA8B-B1AA3702301C}.Release|Any CPU.Build.0 = Release|Any CPU
		{70CFA5F7-38AD-4CE9-9261-FB403626EFFE}.Debug|Any CPU.ActiveCfg = Debug|Any CPU
		{70CFA5F7-38AD-4CE9-9261-FB403626EFFE}.Debug|Any CPU.Build.0 = Debug|Any CPU
		{70CFA5F7-38AD-4CE9-9261-FB403626EFFE}.Release|Any CPU.ActiveCfg = Release|Any CPU
		{70CFA5F7-38AD-4CE9-9261-FB403626EFFE}.Release|Any CPU.Build.0 = Release|Any CPU
		{84671A8B-C150-4E7B-982D-FA4E1F3646E7}.Debug|Any CPU.ActiveCfg = Debug|Any CPU
		{84671A8B-C150-4E7B-982D-FA4E1F3646E7}.Debug|Any CPU.Build.0 = Debug|Any CPU
		{84671A8B-C150-4E7B-982D-FA4E1F3646E7}.Release|Any CPU.ActiveCfg = Release|Any CPU
		{84671A8B-C150-4E7B-982D-FA4E1F3646E7}.Release|Any CPU.Build.0 = Release|Any CPU
		{6CF7EF85-A774-4614-BB78-580C23E1360B}.Debug|Any CPU.ActiveCfg = Debug|Any CPU
		{6CF7EF85-A774-4614-BB78-580C23E1360B}.Debug|Any CPU.Build.0 = Debug|Any CPU
		{6CF7EF85-A774-4614-BB78-580C23E1360B}.Release|Any CPU.ActiveCfg = Release|Any CPU
		{6CF7EF85-A774-4614-BB78-580C23E1360B}.Release|Any CPU.Build.0 = Release|Any CPU
		{08126DDE-1F74-461E-8A65-E642F4DE0099}.Debug|Any CPU.ActiveCfg = Debug|Any CPU
		{08126DDE-1F74-461E-8A65-E642F4DE0099}.Debug|Any CPU.Build.0 = Debug|Any CPU
		{08126DDE-1F74-461E-8A65-E642F4DE0099}.Release|Any CPU.ActiveCfg = Release|Any CPU
		{08126DDE-1F74-461E-8A65-E642F4DE0099}.Release|Any CPU.Build.0 = Release|Any CPU
	EndGlobalSection
	GlobalSection(SolutionProperties) = preSolution
		HideSolutionNode = FALSE
	EndGlobalSection
	GlobalSection(ExtensibilityGlobals) = postSolution
		SolutionGuid = {9D0E30AB-9DC9-4E92-8EA7-1A4143956497}
	EndGlobalSection
EndGlobal
